
Microsoft Visual Studio Solution File, Format Version 12.00
Project("{F2A71F9B-5D33-465A-A702-920D77279786}") = "Y2021", "Y2021\Y2021.fsproj", "{452D7C57-B900-468A-8696-F5B7B95CF4B6}"
EndProject
Project("{F2A71F9B-5D33-465A-A702-920D77279786}") = "Tests2021", "Tests2021\Tests2021.fsproj", "{F1E55B08-0E5F-43B9-84DB-9207C30AB57E}"
EndProject
Global
	GlobalSection(SolutionConfigurationPlatforms) = preSolution
		Debug|Any CPU = Debug|Any CPU
		Release|Any CPU = Release|Any CPU
	EndGlobalSection
	GlobalSection(ProjectConfigurationPlatforms) = postSolution
		{452D7C57-B900-468A-8696-F5B7B95CF4B6}.Debug|Any CPU.ActiveCfg = Debug|Any CPU
		{452D7C57-B900-468A-8696-F5B7B95CF4B6}.Debug|Any CPU.Build.0 = Debug|Any CPU
		{452D7C57-B900-468A-8696-F5B7B95CF4B6}.Release|Any CPU.ActiveCfg = Release|Any CPU
		{452D7C57-B900-468A-8696-F5B7B95CF4B6}.Release|Any CPU.Build.0 = Release|Any CPU
		{F1E55B08-0E5F-43B9-84DB-9207C30AB57E}.Debug|Any CPU.ActiveCfg = Debug|Any CPU
		{F1E55B08-0E5F-43B9-84DB-9207C30AB57E}.Debug|Any CPU.Build.0 = Debug|Any CPU
		{F1E55B08-0E5F-43B9-84DB-9207C30AB57E}.Release|Any CPU.ActiveCfg = Release|Any CPU
		{F1E55B08-0E5F-43B9-84DB-9207C30AB57E}.Release|Any CPU.Build.0 = Release|Any CPU
	EndGlobalSection
EndGlobal
